// !$*UTF8*$!
{
	archiveVersion = 1;
	classes = {
	};
	objectVersion = 54;
	objects = {

/* Begin PBXBuildFile section */
		4326A14B276C0EEF0031E746 /* NSComparisonPredicate+convenience.m in Sources */ = {isa = PBXBuildFile; fileRef = 4326A14A276C0EEF0031E746 /* NSComparisonPredicate+convenience.m */; };
		4326A14E276C33B00031E746 /* KBDocumentContent.m in Sources */ = {isa = PBXBuildFile; fileRef = 4326A14D276C33B00031E746 /* KBDocumentContent.m */; };
		4326E19D27439A0B00C82DEE /* CoreData+logging.m in Sources */ = {isa = PBXBuildFile; fileRef = 4326E19927439A0A00C82DEE /* CoreData+logging.m */; };
		4326E1A427439A6900C82DEE /* NSPersistentContainer+sharedContainer.m in Sources */ = {isa = PBXBuildFile; fileRef = 4326E1A227439A6800C82DEE /* NSPersistentContainer+sharedContainer.m */; };
		4326E1A727439C3B00C82DEE /* KBIndexManager.m in Sources */ = {isa = PBXBuildFile; fileRef = 4326E1A627439C3B00C82DEE /* KBIndexManager.m */; };
		4326E1AB27439CBC00C82DEE /* KBManPageTasks.m in Sources */ = {isa = PBXBuildFile; fileRef = 4326E1AA27439CBC00C82DEE /* KBManPageTasks.m */; };
		43401D29278A179200EEB06A /* KBSearchSuggestionsPanelController.m in Sources */ = {isa = PBXBuildFile; fileRef = 434429D027391E3C00D222E7 /* KBSearchSuggestionsPanelController.m */; };
		43401D2C278A1E4000EEB06A /* KBSearchSuggestionsPanelController.xib in Resources */ = {isa = PBXBuildFile; fileRef = 43401D2B278A1E4000EEB06A /* KBSearchSuggestionsPanelController.xib */; };
		434429D5273923E600D222E7 /* KBDocumentLoading.mm in Sources */ = {isa = PBXBuildFile; fileRef = 434429D4273923E600D222E7 /* KBDocumentLoading.mm */; };
		434429D82739466500D222E7 /* UniformTypeIdentifiers.framework in Frameworks */ = {isa = PBXBuildFile; fileRef = 434429D72739466500D222E7 /* UniformTypeIdentifiers.framework */; };
		435013F22772C9A00007A06A /* NSLayoutConstraint+convenience.m in Sources */ = {isa = PBXBuildFile; fileRef = 435013F12772C9A00007A06A /* NSLayoutConstraint+convenience.m */; };
		435543C32578B46500B3A8ED /* KBTask.mm in Sources */ = {isa = PBXBuildFile; fileRef = 435543C22578B46500B3A8ED /* KBTask.mm */; };
		435DAA752773DF7B008E707C /* NSError+convenience.m in Sources */ = {isa = PBXBuildFile; fileRef = 435DAA742773DF7B008E707C /* NSError+convenience.m */; };
		4361212A2784F90C007A990D /* KBDocumentController.storyboard in Resources */ = {isa = PBXBuildFile; fileRef = 436121292784F90C007A990D /* KBDocumentController.storyboard */; };
		4361212C2784FA0B007A990D /* KBDocumentSplitController.storyboard in Resources */ = {isa = PBXBuildFile; fileRef = 4361212B2784FA0B007A990D /* KBDocumentSplitController.storyboard */; };
		4361212E2784FA30007A990D /* KBDocumentTOCController.storyboard in Resources */ = {isa = PBXBuildFile; fileRef = 4361212D2784FA30007A990D /* KBDocumentTOCController.storyboard */; };
		436121302784FABE007A990D /* KBDocumentContentController.storyboard in Resources */ = {isa = PBXBuildFile; fileRef = 4361212F2784FABE007A990D /* KBDocumentContentController.storyboard */; };
		436121322784FBDD007A990D /* KBDocumentSplitController.m in Sources */ = {isa = PBXBuildFile; fileRef = 436121312784FBDD007A990D /* KBDocumentSplitController.m */; };
		436121342784FC13007A990D /* KBDocumentContentController.m in Sources */ = {isa = PBXBuildFile; fileRef = 436121332784FC13007A990D /* KBDocumentContentController.m */; };
		436121362784FC33007A990D /* KBDocumentTOCController.m in Sources */ = {isa = PBXBuildFile; fileRef = 436121352784FC33007A990D /* KBDocumentTOCController.m */; };
		4361213B2785DE8D007A990D /* NSObject+blockKVO.m in Sources */ = {isa = PBXBuildFile; fileRef = 4361213A2785DE8D007A990D /* NSObject+blockKVO.m */; };
		43C7BA5A2755956F00B5049B /* KBSection.m in Sources */ = {isa = PBXBuildFile; fileRef = 43C7BA592755956F00B5049B /* KBSection.m */; };
		43C7BA6427559C0100B5049B /* NSManagedObject+convenience.m in Sources */ = {isa = PBXBuildFile; fileRef = 43C7BA6327559C0100B5049B /* NSManagedObject+convenience.m */; };
		43C7BA692755A5E400B5049B /* KBFilesystemObject.m in Sources */ = {isa = PBXBuildFile; fileRef = 43C7BA682755A5E400B5049B /* KBFilesystemObject.m */; };
		43C7BA6C2760C3E100B5049B /* KBSearchManager.m in Sources */ = {isa = PBXBuildFile; fileRef = 43C7BA6B2760C3E100B5049B /* KBSearchManager.m */; };
		43C7BA702760F84C00B5049B /* NSString+searchPredicateValue.m in Sources */ = {isa = PBXBuildFile; fileRef = 43C7BA6F2760F84C00B5049B /* NSString+searchPredicateValue.m */; };
		43DE04F4276D04D4004EB220 /* KBIndexUpdateTasks.m in Sources */ = {isa = PBXBuildFile; fileRef = 43DE04F3276D04D4004EB220 /* KBIndexUpdateTasks.m */; };
		43DE04FA276D0789004EB220 /* NSURL+filesystem.m in Sources */ = {isa = PBXBuildFile; fileRef = 43DE04F9276D0789004EB220 /* NSURL+filesystem.m */; };
		43E26B262789306600AE99FB /* NSURL+documentController.m in Sources */ = {isa = PBXBuildFile; fileRef = 43E26B252789306600AE99FB /* NSURL+documentController.m */; };
		43E26B282789411800AE99FB /* KBDocumentControllerIndexManager.m in Sources */ = {isa = PBXBuildFile; fileRef = 43E26B272789411800AE99FB /* KBDocumentControllerIndexManager.m */; };
		43E730B92778007E0091090A /* KBDocumentTOCItem.m in Sources */ = {isa = PBXBuildFile; fileRef = 43E730B82778007E0091090A /* KBDocumentTOCItem.m */; };
		43ED98482575B20400CB3098 /* KBAppDelegate.m in Sources */ = {isa = PBXBuildFile; fileRef = 43ED98472575B20400CB3098 /* KBAppDelegate.m */; };
		43ED984B2575B20400CB3098 /* ManBro.xcdatamodeld in Sources */ = {isa = PBXBuildFile; fileRef = 43ED98492575B20400CB3098 /* ManBro.xcdatamodeld */; };
		43ED984D2575B20900CB3098 /* Assets.xcassets in Resources */ = {isa = PBXBuildFile; fileRef = 43ED984C2575B20900CB3098 /* Assets.xcassets */; };
		43ED98502575B20900CB3098 /* MainMenu.xib in Resources */ = {isa = PBXBuildFile; fileRef = 43ED984E2575B20900CB3098 /* MainMenu.xib */; };
		43ED98532575B20900CB3098 /* main.m in Sources */ = {isa = PBXBuildFile; fileRef = 43ED98522575B20900CB3098 /* main.m */; };
		43ED986D2575E90D00CB3098 /* KBDocumentController.mm in Sources */ = {isa = PBXBuildFile; fileRef = 43ED986B2575E90D00CB3098 /* KBDocumentController.mm */; };
		43ED987B25762B7A00CB3098 /* KBDocumentMeta.m in Sources */ = {isa = PBXBuildFile; fileRef = 43ED987A25762B7A00CB3098 /* KBDocumentMeta.m */; };
		43ED987F25762B8800CB3098 /* KBPrefix.m in Sources */ = {isa = PBXBuildFile; fileRef = 43ED987E25762B8800CB3098 /* KBPrefix.m */; };
/* End PBXBuildFile section */

/* Begin PBXFileReference section */
		4326A149276C0EEE0031E746 /* NSComparisonPredicate+convenience.h */ = {isa = PBXFileReference; fileEncoding = 4; lastKnownFileType = sourcecode.c.h; path = "NSComparisonPredicate+convenience.h"; sourceTree = "<group>"; };
		4326A14A276C0EEF0031E746 /* NSComparisonPredicate+convenience.m */ = {isa = PBXFileReference; fileEncoding = 4; lastKnownFileType = sourcecode.c.objc; path = "NSComparisonPredicate+convenience.m"; sourceTree = "<group>"; };
		4326A14C276C33B00031E746 /* KBDocumentContent.h */ = {isa = PBXFileReference; lastKnownFileType = sourcecode.c.h; path = KBDocumentContent.h; sourceTree = "<group>"; };
		4326A14D276C33B00031E746 /* KBDocumentContent.m */ = {isa = PBXFileReference; lastKnownFileType = sourcecode.c.objc; path = KBDocumentContent.m; sourceTree = "<group>"; };
		4326E19927439A0A00C82DEE /* CoreData+logging.m */ = {isa = PBXFileReference; fileEncoding = 4; lastKnownFileType = sourcecode.c.objc; path = "CoreData+logging.m"; sourceTree = "<group>"; };
		4326E19A27439A0A00C82DEE /* CoreData+logging.h */ = {isa = PBXFileReference; fileEncoding = 4; lastKnownFileType = sourcecode.c.h; path = "CoreData+logging.h"; sourceTree = "<group>"; };
		4326E1A227439A6800C82DEE /* NSPersistentContainer+sharedContainer.m */ = {isa = PBXFileReference; fileEncoding = 4; lastKnownFileType = sourcecode.c.objc; path = "NSPersistentContainer+sharedContainer.m"; sourceTree = "<group>"; };
		4326E1A327439A6800C82DEE /* NSPersistentContainer+sharedContainer.h */ = {isa = PBXFileReference; fileEncoding = 4; lastKnownFileType = sourcecode.c.h; path = "NSPersistentContainer+sharedContainer.h"; sourceTree = "<group>"; };
		4326E1A527439C3B00C82DEE /* KBIndexManager.h */ = {isa = PBXFileReference; fileEncoding = 4; lastKnownFileType = sourcecode.c.h; path = KBIndexManager.h; sourceTree = "<group>"; };
		4326E1A627439C3B00C82DEE /* KBIndexManager.m */ = {isa = PBXFileReference; fileEncoding = 4; lastKnownFileType = sourcecode.c.objc; path = KBIndexManager.m; sourceTree = "<group>"; };
		4326E1A827439C8500C82DEE /* KBTask_Protected.h */ = {isa = PBXFileReference; lastKnownFileType = sourcecode.c.h; path = KBTask_Protected.h; sourceTree = "<group>"; };
		4326E1A927439CBC00C82DEE /* KBManPageTasks.h */ = {isa = PBXFileReference; fileEncoding = 4; lastKnownFileType = sourcecode.c.h; path = KBManPageTasks.h; sourceTree = "<group>"; };
		4326E1AA27439CBC00C82DEE /* KBManPageTasks.m */ = {isa = PBXFileReference; fileEncoding = 4; lastKnownFileType = sourcecode.c.objc; path = KBManPageTasks.m; sourceTree = "<group>"; };
		43401D2B278A1E4000EEB06A /* KBSearchSuggestionsPanelController.xib */ = {isa = PBXFileReference; lastKnownFileType = file.xib; path = KBSearchSuggestionsPanelController.xib; sourceTree = "<group>"; };
		434429D027391E3C00D222E7 /* KBSearchSuggestionsPanelController.m */ = {isa = PBXFileReference; lastKnownFileType = sourcecode.c.objc; path = KBSearchSuggestionsPanelController.m; sourceTree = "<group>"; };
		434429D227391E5B00D222E7 /* KBDocumentController_Private.h */ = {isa = PBXFileReference; lastKnownFileType = sourcecode.c.h; path = KBDocumentController_Private.h; sourceTree = "<group>"; };
		434429D3273923E600D222E7 /* KBDocumentLoading.h */ = {isa = PBXFileReference; lastKnownFileType = sourcecode.c.h; path = KBDocumentLoading.h; sourceTree = "<group>"; };
		434429D4273923E600D222E7 /* KBDocumentLoading.mm */ = {isa = PBXFileReference; lastKnownFileType = sourcecode.cpp.objcpp; path = KBDocumentLoading.mm; sourceTree = "<group>"; };
		434429D72739466500D222E7 /* UniformTypeIdentifiers.framework */ = {isa = PBXFileReference; lastKnownFileType = wrapper.framework; name = UniformTypeIdentifiers.framework; path = System/Library/Frameworks/UniformTypeIdentifiers.framework; sourceTree = SDKROOT; };
		435013F02772C9A00007A06A /* NSLayoutConstraint+convenience.h */ = {isa = PBXFileReference; lastKnownFileType = sourcecode.c.h; path = "NSLayoutConstraint+convenience.h"; sourceTree = "<group>"; };
		435013F12772C9A00007A06A /* NSLayoutConstraint+convenience.m */ = {isa = PBXFileReference; lastKnownFileType = sourcecode.c.objc; path = "NSLayoutConstraint+convenience.m"; sourceTree = "<group>"; };
		435543C12578B46500B3A8ED /* KBTask.h */ = {isa = PBXFileReference; lastKnownFileType = sourcecode.c.h; path = KBTask.h; sourceTree = "<group>"; };
		435543C22578B46500B3A8ED /* KBTask.mm */ = {isa = PBXFileReference; lastKnownFileType = sourcecode.cpp.objcpp; path = KBTask.mm; sourceTree = "<group>"; };
		435DAA732773DF7B008E707C /* NSError+convenience.h */ = {isa = PBXFileReference; lastKnownFileType = sourcecode.c.h; path = "NSError+convenience.h"; sourceTree = "<group>"; };
		435DAA742773DF7B008E707C /* NSError+convenience.m */ = {isa = PBXFileReference; lastKnownFileType = sourcecode.c.objc; path = "NSError+convenience.m"; sourceTree = "<group>"; };
		436121292784F90C007A990D /* KBDocumentController.storyboard */ = {isa = PBXFileReference; lastKnownFileType = file.storyboard; path = KBDocumentController.storyboard; sourceTree = "<group>"; };
		4361212B2784FA0B007A990D /* KBDocumentSplitController.storyboard */ = {isa = PBXFileReference; fileEncoding = 4; lastKnownFileType = file.storyboard; path = KBDocumentSplitController.storyboard; sourceTree = "<group>"; };
		4361212D2784FA30007A990D /* KBDocumentTOCController.storyboard */ = {isa = PBXFileReference; fileEncoding = 4; lastKnownFileType = file.storyboard; path = KBDocumentTOCController.storyboard; sourceTree = "<group>"; };
		4361212F2784FABE007A990D /* KBDocumentContentController.storyboard */ = {isa = PBXFileReference; fileEncoding = 4; lastKnownFileType = file.storyboard; path = KBDocumentContentController.storyboard; sourceTree = "<group>"; };
		436121312784FBDD007A990D /* KBDocumentSplitController.m */ = {isa = PBXFileReference; lastKnownFileType = sourcecode.c.objc; path = KBDocumentSplitController.m; sourceTree = "<group>"; };
		436121332784FC13007A990D /* KBDocumentContentController.m */ = {isa = PBXFileReference; lastKnownFileType = sourcecode.c.objc; path = KBDocumentContentController.m; sourceTree = "<group>"; };
		436121352784FC33007A990D /* KBDocumentTOCController.m */ = {isa = PBXFileReference; lastKnownFileType = sourcecode.c.objc; path = KBDocumentTOCController.m; sourceTree = "<group>"; };
		436121392785DE8D007A990D /* NSObject+blockKVO.h */ = {isa = PBXFileReference; lastKnownFileType = sourcecode.c.h; path = "NSObject+blockKVO.h"; sourceTree = "<group>"; };
		4361213A2785DE8D007A990D /* NSObject+blockKVO.m */ = {isa = PBXFileReference; lastKnownFileType = sourcecode.c.objc; path = "NSObject+blockKVO.m"; sourceTree = "<group>"; };
		43C7BA582755956F00B5049B /* KBSection.h */ = {isa = PBXFileReference; lastKnownFileType = sourcecode.c.h; path = KBSection.h; sourceTree = "<group>"; };
		43C7BA592755956F00B5049B /* KBSection.m */ = {isa = PBXFileReference; lastKnownFileType = sourcecode.c.objc; path = KBSection.m; sourceTree = "<group>"; };
		43C7BA6227559C0100B5049B /* NSManagedObject+convenience.h */ = {isa = PBXFileReference; lastKnownFileType = sourcecode.c.h; path = "NSManagedObject+convenience.h"; sourceTree = "<group>"; };
		43C7BA6327559C0100B5049B /* NSManagedObject+convenience.m */ = {isa = PBXFileReference; lastKnownFileType = sourcecode.c.objc; path = "NSManagedObject+convenience.m"; sourceTree = "<group>"; };
		43C7BA652755A3EB00B5049B /* KBFilesystemObject.h */ = {isa = PBXFileReference; fileEncoding = 4; lastKnownFileType = sourcecode.c.h; path = KBFilesystemObject.h; sourceTree = "<group>"; };
		43C7BA682755A5E400B5049B /* KBFilesystemObject.m */ = {isa = PBXFileReference; fileEncoding = 4; lastKnownFileType = sourcecode.c.objc; path = KBFilesystemObject.m; sourceTree = "<group>"; };
		43C7BA6A2760C3E100B5049B /* KBSearchManager.h */ = {isa = PBXFileReference; lastKnownFileType = sourcecode.c.h; path = KBSearchManager.h; sourceTree = "<group>"; };
		43C7BA6B2760C3E100B5049B /* KBSearchManager.m */ = {isa = PBXFileReference; lastKnownFileType = sourcecode.c.objc; path = KBSearchManager.m; sourceTree = "<group>"; };
		43C7BA6E2760F84C00B5049B /* NSString+searchPredicateValue.h */ = {isa = PBXFileReference; lastKnownFileType = sourcecode.c.h; path = "NSString+searchPredicateValue.h"; sourceTree = "<group>"; };
		43C7BA6F2760F84C00B5049B /* NSString+searchPredicateValue.m */ = {isa = PBXFileReference; lastKnownFileType = sourcecode.c.objc; path = "NSString+searchPredicateValue.m"; sourceTree = "<group>"; };
		43D9A2012771577600A34485 /* NSObject+abstract.h */ = {isa = PBXFileReference; lastKnownFileType = sourcecode.c.h; path = "NSObject+abstract.h"; sourceTree = "<group>"; };
		43DE04F2276D04D4004EB220 /* KBIndexUpdateTasks.h */ = {isa = PBXFileReference; lastKnownFileType = sourcecode.c.h; path = KBIndexUpdateTasks.h; sourceTree = "<group>"; };
		43DE04F3276D04D4004EB220 /* KBIndexUpdateTasks.m */ = {isa = PBXFileReference; lastKnownFileType = sourcecode.c.objc; path = KBIndexUpdateTasks.m; sourceTree = "<group>"; };
		43DE04F8276D0789004EB220 /* NSURL+filesystem.h */ = {isa = PBXFileReference; lastKnownFileType = sourcecode.c.h; path = "NSURL+filesystem.h"; sourceTree = "<group>"; };
		43DE04F9276D0789004EB220 /* NSURL+filesystem.m */ = {isa = PBXFileReference; lastKnownFileType = sourcecode.c.objc; path = "NSURL+filesystem.m"; sourceTree = "<group>"; };
		43E26B242789306600AE99FB /* NSURL+documentController.h */ = {isa = PBXFileReference; lastKnownFileType = sourcecode.c.h; path = "NSURL+documentController.h"; sourceTree = "<group>"; };
		43E26B252789306600AE99FB /* NSURL+documentController.m */ = {isa = PBXFileReference; lastKnownFileType = sourcecode.c.objc; path = "NSURL+documentController.m"; sourceTree = "<group>"; };
		43E26B272789411800AE99FB /* KBDocumentControllerIndexManager.m */ = {isa = PBXFileReference; lastKnownFileType = sourcecode.c.objc; path = KBDocumentControllerIndexManager.m; sourceTree = "<group>"; };
		43E26B292789415300AE99FB /* KBDocumentControllerIndexManager.h */ = {isa = PBXFileReference; lastKnownFileType = sourcecode.c.h; path = KBDocumentControllerIndexManager.h; sourceTree = "<group>"; };
		43E730B72778007E0091090A /* KBDocumentTOCItem.h */ = {isa = PBXFileReference; lastKnownFileType = sourcecode.c.h; path = KBDocumentTOCItem.h; sourceTree = "<group>"; };
		43E730B82778007E0091090A /* KBDocumentTOCItem.m */ = {isa = PBXFileReference; lastKnownFileType = sourcecode.c.objc; path = KBDocumentTOCItem.m; sourceTree = "<group>"; };
		43ED98432575B20400CB3098 /* ManBro.app */ = {isa = PBXFileReference; explicitFileType = wrapper.application; includeInIndex = 0; path = ManBro.app; sourceTree = BUILT_PRODUCTS_DIR; };
		43ED98462575B20400CB3098 /* KBAppDelegate.h */ = {isa = PBXFileReference; lastKnownFileType = sourcecode.c.h; path = KBAppDelegate.h; sourceTree = "<group>"; };
		43ED98472575B20400CB3098 /* KBAppDelegate.m */ = {isa = PBXFileReference; lastKnownFileType = sourcecode.c.objc; path = KBAppDelegate.m; sourceTree = "<group>"; };
		43ED984A2575B20400CB3098 /* ManBro.xcdatamodel */ = {isa = PBXFileReference; lastKnownFileType = wrapper.xcdatamodel; path = ManBro.xcdatamodel; sourceTree = "<group>"; };
		43ED984C2575B20900CB3098 /* Assets.xcassets */ = {isa = PBXFileReference; lastKnownFileType = folder.assetcatalog; path = Assets.xcassets; sourceTree = "<group>"; };
		43ED984F2575B20900CB3098 /* Base */ = {isa = PBXFileReference; lastKnownFileType = file.xib; name = Base; path = Base.lproj/MainMenu.xib; sourceTree = "<group>"; };
		43ED98512575B20900CB3098 /* Info.plist */ = {isa = PBXFileReference; lastKnownFileType = text.plist.xml; path = Info.plist; sourceTree = "<group>"; };
		43ED98522575B20900CB3098 /* main.m */ = {isa = PBXFileReference; lastKnownFileType = sourcecode.c.objc; path = main.m; sourceTree = "<group>"; };
		43ED98542575B20900CB3098 /* ManBro.entitlements */ = {isa = PBXFileReference; lastKnownFileType = text.plist.entitlements; path = ManBro.entitlements; sourceTree = "<group>"; };
		43ED986A2575E90D00CB3098 /* KBDocumentController.h */ = {isa = PBXFileReference; lastKnownFileType = sourcecode.c.h; path = KBDocumentController.h; sourceTree = "<group>"; };
		43ED986B2575E90D00CB3098 /* KBDocumentController.mm */ = {isa = PBXFileReference; lastKnownFileType = sourcecode.cpp.objcpp; path = KBDocumentController.mm; sourceTree = "<group>"; };
		43ED987925762B7A00CB3098 /* KBDocumentMeta.h */ = {isa = PBXFileReference; lastKnownFileType = sourcecode.c.h; path = KBDocumentMeta.h; sourceTree = "<group>"; };
		43ED987A25762B7A00CB3098 /* KBDocumentMeta.m */ = {isa = PBXFileReference; lastKnownFileType = sourcecode.c.objc; path = KBDocumentMeta.m; sourceTree = "<group>"; };
		43ED987D25762B8800CB3098 /* KBPrefix.h */ = {isa = PBXFileReference; lastKnownFileType = sourcecode.c.h; path = KBPrefix.h; sourceTree = "<group>"; };
		43ED987E25762B8800CB3098 /* KBPrefix.m */ = {isa = PBXFileReference; lastKnownFileType = sourcecode.c.objc; path = KBPrefix.m; sourceTree = "<group>"; };
/* End PBXFileReference section */

/* Begin PBXFrameworksBuildPhase section */
		43ED98402575B20400CB3098 /* Frameworks */ = {
			isa = PBXFrameworksBuildPhase;
			buildActionMask = 2147483647;
			files = (
				434429D82739466500D222E7 /* UniformTypeIdentifiers.framework in Frameworks */,
			);
			runOnlyForDeploymentPostprocessing = 0;
		};
/* End PBXFrameworksBuildPhase section */

/* Begin PBXGroup section */
		434429D62739466500D222E7 /* Frameworks */ = {
			isa = PBXGroup;
			children = (
				434429D72739466500D222E7 /* UniformTypeIdentifiers.framework */,
			);
			name = Frameworks;
			sourceTree = "<group>";
		};
		43C7BA5B275596E700B5049B /* Tasks */ = {
			isa = PBXGroup;
			children = (
				435543C12578B46500B3A8ED /* KBTask.h */,
				4326E1A827439C8500C82DEE /* KBTask_Protected.h */,
				435543C22578B46500B3A8ED /* KBTask.mm */,
				4326E1A927439CBC00C82DEE /* KBManPageTasks.h */,
				4326E1AA27439CBC00C82DEE /* KBManPageTasks.m */,
			);
			path = Tasks;
			sourceTree = "<group>";
		};
		43C7BA5C2755970200B5049B /* Extensions */ = {
			isa = PBXGroup;
			children = (
				43D9A2012771577600A34485 /* NSObject+abstract.h */,
				436121392785DE8D007A990D /* NSObject+blockKVO.h */,
				4361213A2785DE8D007A990D /* NSObject+blockKVO.m */,
				435DAA732773DF7B008E707C /* NSError+convenience.h */,
				435DAA742773DF7B008E707C /* NSError+convenience.m */,
				43C7BA6E2760F84C00B5049B /* NSString+searchPredicateValue.h */,
				43C7BA6F2760F84C00B5049B /* NSString+searchPredicateValue.m */,
				43DE04F8276D0789004EB220 /* NSURL+filesystem.h */,
				43DE04F9276D0789004EB220 /* NSURL+filesystem.m */,
				4326A149276C0EEE0031E746 /* NSComparisonPredicate+convenience.h */,
				4326A14A276C0EEF0031E746 /* NSComparisonPredicate+convenience.m */,
				4326E19A27439A0A00C82DEE /* CoreData+logging.h */,
				4326E19927439A0A00C82DEE /* CoreData+logging.m */,
				4326E1A327439A6800C82DEE /* NSPersistentContainer+sharedContainer.h */,
				4326E1A227439A6800C82DEE /* NSPersistentContainer+sharedContainer.m */,
				43C7BA6227559C0100B5049B /* NSManagedObject+convenience.h */,
				43C7BA6327559C0100B5049B /* NSManagedObject+convenience.m */,
			);
			path = Extensions;
			sourceTree = "<group>";
		};
		43C7BA5D2755971B00B5049B /* Entities */ = {
			isa = PBXGroup;
			children = (
				43C7BA652755A3EB00B5049B /* KBFilesystemObject.h */,
				43C7BA682755A5E400B5049B /* KBFilesystemObject.m */,
				43ED987D25762B8800CB3098 /* KBPrefix.h */,
				43ED987E25762B8800CB3098 /* KBPrefix.m */,
				43C7BA582755956F00B5049B /* KBSection.h */,
				43C7BA592755956F00B5049B /* KBSection.m */,
				43ED987925762B7A00CB3098 /* KBDocumentMeta.h */,
				43ED987A25762B7A00CB3098 /* KBDocumentMeta.m */,
				4326A14C276C33B00031E746 /* KBDocumentContent.h */,
				4326A14D276C33B00031E746 /* KBDocumentContent.m */,
				43E730B72778007E0091090A /* KBDocumentTOCItem.h */,
				43E730B82778007E0091090A /* KBDocumentTOCItem.m */,
			);
			path = Entities;
			sourceTree = "<group>";
		};
		43C7BA5E2755972800B5049B /* Indexing */ = {
			isa = PBXGroup;
			children = (
				4326E1A527439C3B00C82DEE /* KBIndexManager.h */,
				4326E1A627439C3B00C82DEE /* KBIndexManager.m */,
				43DE04F2276D04D4004EB220 /* KBIndexUpdateTasks.h */,
				43DE04F3276D04D4004EB220 /* KBIndexUpdateTasks.m */,
			);
			path = Indexing;
			sourceTree = "<group>";
		};
		43DE04F1276D0468004EB220 /* Search */ = {
			isa = PBXGroup;
			children = (
				43C7BA6A2760C3E100B5049B /* KBSearchManager.h */,
				43C7BA6B2760C3E100B5049B /* KBSearchManager.m */,
			);
			path = Search;
			sourceTree = "<group>";
		};
		43ED983A2575B20400CB3098 = {
			isa = PBXGroup;
			children = (
				43ED98452575B20400CB3098 /* ManBro */,
				43ED98442575B20400CB3098 /* Products */,
				434429D62739466500D222E7 /* Frameworks */,
			);
			sourceTree = "<group>";
		};
		43ED98442575B20400CB3098 /* Products */ = {
			isa = PBXGroup;
			children = (
				43ED98432575B20400CB3098 /* ManBro.app */,
			);
			name = Products;
			sourceTree = "<group>";
		};
		43ED98452575B20400CB3098 /* ManBro */ = {
			isa = PBXGroup;
			children = (
				43ED98682575E56400CB3098 /* Resources */,
				43ED98662575E53B00CB3098 /* Model */,
				43ED98692575E59000CB3098 /* Controller */,
				43ED98672575E54700CB3098 /* Supporting Files */,
			);
			path = ManBro;
			sourceTree = "<group>";
		};
		43ED98662575E53B00CB3098 /* Model */ = {
			isa = PBXGroup;
			children = (
				43C7BA5C2755970200B5049B /* Extensions */,
				43C7BA5B275596E700B5049B /* Tasks */,
				43C7BA5D2755971B00B5049B /* Entities */,
				43C7BA5E2755972800B5049B /* Indexing */,
				43DE04F1276D0468004EB220 /* Search */,
			);
			path = Model;
			sourceTree = "<group>";
		};
		43ED98672575E54700CB3098 /* Supporting Files */ = {
			isa = PBXGroup;
			children = (
				43ED98462575B20400CB3098 /* KBAppDelegate.h */,
				43ED98472575B20400CB3098 /* KBAppDelegate.m */,
				43ED98512575B20900CB3098 /* Info.plist */,
				43ED98522575B20900CB3098 /* main.m */,
				43ED98542575B20900CB3098 /* ManBro.entitlements */,
			);
			path = "Supporting Files";
			sourceTree = "<group>";
		};
		43ED98682575E56400CB3098 /* Resources */ = {
			isa = PBXGroup;
			children = (
				43ED984C2575B20900CB3098 /* Assets.xcassets */,
				43ED984E2575B20900CB3098 /* MainMenu.xib */,
				43ED98492575B20400CB3098 /* ManBro.xcdatamodeld */,
			);
			path = Resources;
			sourceTree = "<group>";
		};
		43ED98692575E59000CB3098 /* Controller */ = {
			isa = PBXGroup;
			children = (
				435013F02772C9A00007A06A /* NSLayoutConstraint+convenience.h */,
				435013F12772C9A00007A06A /* NSLayoutConstraint+convenience.m */,
				43E26B242789306600AE99FB /* NSURL+documentController.h */,
				43E26B252789306600AE99FB /* NSURL+documentController.m */,
				434429D3273923E600D222E7 /* KBDocumentLoading.h */,
				434429D4273923E600D222E7 /* KBDocumentLoading.mm */,
				43E26B292789415300AE99FB /* KBDocumentControllerIndexManager.h */,
				43E26B272789411800AE99FB /* KBDocumentControllerIndexManager.m */,
				43ED986A2575E90D00CB3098 /* KBDocumentController.h */,
				434429D227391E5B00D222E7 /* KBDocumentController_Private.h */,
				43ED986B2575E90D00CB3098 /* KBDocumentController.mm */,
				436121292784F90C007A990D /* KBDocumentController.storyboard */,
				436121312784FBDD007A990D /* KBDocumentSplitController.m */,
				4361212B2784FA0B007A990D /* KBDocumentSplitController.storyboard */,
				434429D027391E3C00D222E7 /* KBSearchSuggestionsPanelController.m */,
				43401D2B278A1E4000EEB06A /* KBSearchSuggestionsPanelController.xib */,
				436121332784FC13007A990D /* KBDocumentContentController.m */,
				4361212F2784FABE007A990D /* KBDocumentContentController.storyboard */,
				436121352784FC33007A990D /* KBDocumentTOCController.m */,
				4361212D2784FA30007A990D /* KBDocumentTOCController.storyboard */,
			);
			path = Controller;
			sourceTree = "<group>";
		};
/* End PBXGroup section */

/* Begin PBXNativeTarget section */
		43ED98422575B20400CB3098 /* ManBro */ = {
			isa = PBXNativeTarget;
			buildConfigurationList = 43ED98572575B20900CB3098 /* Build configuration list for PBXNativeTarget "ManBro" */;
			buildPhases = (
				43ED983F2575B20400CB3098 /* Sources */,
				43ED98402575B20400CB3098 /* Frameworks */,
				43ED98412575B20400CB3098 /* Resources */,
			);
			buildRules = (
			);
			dependencies = (
			);
			name = ManBro;
			productName = ManBro;
			productReference = 43ED98432575B20400CB3098 /* ManBro.app */;
			productType = "com.apple.product-type.application";
		};
/* End PBXNativeTarget section */

/* Begin PBXProject section */
		43ED983B2575B20400CB3098 /* Project object */ = {
			isa = PBXProject;
			attributes = {
				CLASSPREFIX = KB;
				LastUpgradeCheck = 1320;
				ORGANIZATIONNAME = "Kirill byss Bystrov";
				TargetAttributes = {
					43ED98422575B20400CB3098 = {
						CreatedOnToolsVersion = 12.2;
					};
				};
			};
			buildConfigurationList = 43ED983E2575B20400CB3098 /* Build configuration list for PBXProject "ManBro" */;
			compatibilityVersion = "Xcode 12.0";
			developmentRegion = en;
			hasScannedForEncodings = 0;
			knownRegions = (
				en,
				Base,
			);
			mainGroup = 43ED983A2575B20400CB3098;
			productRefGroup = 43ED98442575B20400CB3098 /* Products */;
			projectDirPath = "";
			projectRoot = "";
			targets = (
				43ED98422575B20400CB3098 /* ManBro */,
			);
		};
/* End PBXProject section */

/* Begin PBXResourcesBuildPhase section */
		43ED98412575B20400CB3098 /* Resources */ = {
			isa = PBXResourcesBuildPhase;
			buildActionMask = 2147483647;
			files = (
				436121302784FABE007A990D /* KBDocumentContentController.storyboard in Resources */,
				43401D2C278A1E4000EEB06A /* KBSearchSuggestionsPanelController.xib in Resources */,
				43ED984D2575B20900CB3098 /* Assets.xcassets in Resources */,
				4361212C2784FA0B007A990D /* KBDocumentSplitController.storyboard in Resources */,
				43ED98502575B20900CB3098 /* MainMenu.xib in Resources */,
				4361212A2784F90C007A990D /* KBDocumentController.storyboard in Resources */,
				4361212E2784FA30007A990D /* KBDocumentTOCController.storyboard in Resources */,
			);
			runOnlyForDeploymentPostprocessing = 0;
		};
/* End PBXResourcesBuildPhase section */

/* Begin PBXSourcesBuildPhase section */
		43ED983F2575B20400CB3098 /* Sources */ = {
			isa = PBXSourcesBuildPhase;
			buildActionMask = 2147483647;
			files = (
				4326E19D27439A0B00C82DEE /* CoreData+logging.m in Sources */,
				436121362784FC33007A990D /* KBDocumentTOCController.m in Sources */,
				4326A14E276C33B00031E746 /* KBDocumentContent.m in Sources */,
				43ED984B2575B20400CB3098 /* ManBro.xcdatamodeld in Sources */,
				435543C32578B46500B3A8ED /* KBTask.mm in Sources */,
				4326A14B276C0EEF0031E746 /* NSComparisonPredicate+convenience.m in Sources */,
				43ED986D2575E90D00CB3098 /* KBDocumentController.mm in Sources */,
				43401D29278A179200EEB06A /* KBSearchSuggestionsPanelController.m in Sources */,
				436121322784FBDD007A990D /* KBDocumentSplitController.m in Sources */,
				436121342784FC13007A990D /* KBDocumentContentController.m in Sources */,
				43E730B92778007E0091090A /* KBDocumentTOCItem.m in Sources */,
				435013F22772C9A00007A06A /* NSLayoutConstraint+convenience.m in Sources */,
				43C7BA6427559C0100B5049B /* NSManagedObject+convenience.m in Sources */,
				43C7BA5A2755956F00B5049B /* KBSection.m in Sources */,
				43DE04FA276D0789004EB220 /* NSURL+filesystem.m in Sources */,
				43ED987F25762B8800CB3098 /* KBPrefix.m in Sources */,
				43E26B262789306600AE99FB /* NSURL+documentController.m in Sources */,
				435DAA752773DF7B008E707C /* NSError+convenience.m in Sources */,
				4326E1A727439C3B00C82DEE /* KBIndexManager.m in Sources */,
				43C7BA692755A5E400B5049B /* KBFilesystemObject.m in Sources */,
				4326E1AB27439CBC00C82DEE /* KBManPageTasks.m in Sources */,
				43ED987B25762B7A00CB3098 /* KBDocumentMeta.m in Sources */,
				4326E1A427439A6900C82DEE /* NSPersistentContainer+sharedContainer.m in Sources */,
				43ED98532575B20900CB3098 /* main.m in Sources */,
				43C7BA702760F84C00B5049B /* NSString+searchPredicateValue.m in Sources */,
				434429D5273923E600D222E7 /* KBDocumentLoading.mm in Sources */,
				4361213B2785DE8D007A990D /* NSObject+blockKVO.m in Sources */,
				43E26B282789411800AE99FB /* KBDocumentControllerIndexManager.m in Sources */,
				43C7BA6C2760C3E100B5049B /* KBSearchManager.m in Sources */,
				43ED98482575B20400CB3098 /* KBAppDelegate.m in Sources */,
				43DE04F4276D04D4004EB220 /* KBIndexUpdateTasks.m in Sources */,
			);
			runOnlyForDeploymentPostprocessing = 0;
		};
/* End PBXSourcesBuildPhase section */

/* Begin PBXVariantGroup section */
		43ED984E2575B20900CB3098 /* MainMenu.xib */ = {
			isa = PBXVariantGroup;
			children = (
				43ED984F2575B20900CB3098 /* Base */,
			);
			name = MainMenu.xib;
			sourceTree = "<group>";
		};
/* End PBXVariantGroup section */

/* Begin XCBuildConfiguration section */
		43ED98552575B20900CB3098 /* Debug */ = {
			isa = XCBuildConfiguration;
			buildSettings = {
				ALWAYS_SEARCH_USER_PATHS = NO;
				CLANG_ANALYZER_NONNULL = YES;
				CLANG_ANALYZER_NUMBER_OBJECT_CONVERSION = YES_AGGRESSIVE;
				CLANG_CXX_LANGUAGE_STANDARD = "gnu++20";
				CLANG_ENABLE_MODULES = YES;
				CLANG_ENABLE_OBJC_ARC = YES;
				CLANG_ENABLE_OBJC_WEAK = YES;
				CLANG_WARN_BLOCK_CAPTURE_AUTORELEASING = YES;
				CLANG_WARN_BOOL_CONVERSION = YES;
				CLANG_WARN_COMMA = YES;
				CLANG_WARN_CONSTANT_CONVERSION = YES;
				CLANG_WARN_DEPRECATED_OBJC_IMPLEMENTATIONS = YES;
				CLANG_WARN_DIRECT_OBJC_ISA_USAGE = YES_ERROR;
				CLANG_WARN_DOCUMENTATION_COMMENTS = YES;
				CLANG_WARN_EMPTY_BODY = YES;
				CLANG_WARN_ENUM_CONVERSION = YES;
				CLANG_WARN_INFINITE_RECURSION = YES;
				CLANG_WARN_INT_CONVERSION = YES;
				CLANG_WARN_NON_LITERAL_NULL_CONVERSION = YES;
				CLANG_WARN_OBJC_IMPLICIT_RETAIN_SELF = YES;
				CLANG_WARN_OBJC_LITERAL_CONVERSION = YES_ERROR;
				CLANG_WARN_OBJC_ROOT_CLASS = YES_ERROR;
				CLANG_WARN_QUOTED_INCLUDE_IN_FRAMEWORK_HEADER = YES;
				CLANG_WARN_RANGE_LOOP_ANALYSIS = YES;
				CLANG_WARN_STRICT_PROTOTYPES = YES;
				CLANG_WARN_SUSPICIOUS_MOVE = YES;
				CLANG_WARN_UNGUARDED_AVAILABILITY = YES_AGGRESSIVE;
				CLANG_WARN_UNREACHABLE_CODE = YES;
				CLANG_WARN__DUPLICATE_METHOD_MATCH = YES;
				COMPILER_INDEX_STORE_ENABLE = YES;
				COPY_PHASE_STRIP = NO;
				DEBUG_INFORMATION_FORMAT = dwarf;
				ENABLE_STRICT_OBJC_MSGSEND = YES;
				ENABLE_TESTABILITY = YES;
				GCC_C_LANGUAGE_STANDARD = gnu11;
				GCC_DYNAMIC_NO_PIC = NO;
				GCC_NO_COMMON_BLOCKS = YES;
				GCC_OPTIMIZATION_LEVEL = 0;
				GCC_PREPROCESSOR_DEFINITIONS = (
					"DEBUG=1",
					"$(inherited)",
				);
				GCC_WARN_64_TO_32_BIT_CONVERSION = YES;
				GCC_WARN_ABOUT_RETURN_TYPE = YES_ERROR;
				GCC_WARN_UNDECLARED_SELECTOR = YES;
				GCC_WARN_UNINITIALIZED_AUTOS = YES_AGGRESSIVE;
				GCC_WARN_UNUSED_FUNCTION = YES;
				GCC_WARN_UNUSED_VARIABLE = YES;
				MACOSX_DEPLOYMENT_TARGET = 11.3;
				MTL_ENABLE_DEBUG_INFO = INCLUDE_SOURCE;
				MTL_FAST_MATH = YES;
				ONLY_ACTIVE_ARCH = YES;
				SDKROOT = macosx;
			};
			name = Debug;
		};
		43ED98562575B20900CB3098 /* Release */ = {
			isa = XCBuildConfiguration;
			buildSettings = {
				ALWAYS_SEARCH_USER_PATHS = NO;
				CLANG_ANALYZER_NONNULL = YES;
				CLANG_ANALYZER_NUMBER_OBJECT_CONVERSION = YES_AGGRESSIVE;
				CLANG_CXX_LANGUAGE_STANDARD = "gnu++20";
				CLANG_ENABLE_MODULES = YES;
				CLANG_ENABLE_OBJC_ARC = YES;
				CLANG_ENABLE_OBJC_WEAK = YES;
				CLANG_WARN_BLOCK_CAPTURE_AUTORELEASING = YES;
				CLANG_WARN_BOOL_CONVERSION = YES;
				CLANG_WARN_COMMA = YES;
				CLANG_WARN_CONSTANT_CONVERSION = YES;
				CLANG_WARN_DEPRECATED_OBJC_IMPLEMENTATIONS = YES;
				CLANG_WARN_DIRECT_OBJC_ISA_USAGE = YES_ERROR;
				CLANG_WARN_DOCUMENTATION_COMMENTS = YES;
				CLANG_WARN_EMPTY_BODY = YES;
				CLANG_WARN_ENUM_CONVERSION = YES;
				CLANG_WARN_INFINITE_RECURSION = YES;
				CLANG_WARN_INT_CONVERSION = YES;
				CLANG_WARN_NON_LITERAL_NULL_CONVERSION = YES;
				CLANG_WARN_OBJC_IMPLICIT_RETAIN_SELF = YES;
				CLANG_WARN_OBJC_LITERAL_CONVERSION = YES_ERROR;
				CLANG_WARN_OBJC_ROOT_CLASS = YES_ERROR;
				CLANG_WARN_QUOTED_INCLUDE_IN_FRAMEWORK_HEADER = YES;
				CLANG_WARN_RANGE_LOOP_ANALYSIS = YES;
				CLANG_WARN_STRICT_PROTOTYPES = YES;
				CLANG_WARN_SUSPICIOUS_MOVE = YES;
				CLANG_WARN_UNGUARDED_AVAILABILITY = YES_AGGRESSIVE;
				CLANG_WARN_UNREACHABLE_CODE = YES;
				CLANG_WARN__DUPLICATE_METHOD_MATCH = YES;
				COPY_PHASE_STRIP = NO;
				DEBUG_INFORMATION_FORMAT = "dwarf-with-dsym";
				ENABLE_NS_ASSERTIONS = NO;
				ENABLE_STRICT_OBJC_MSGSEND = YES;
				GCC_C_LANGUAGE_STANDARD = gnu11;
				GCC_NO_COMMON_BLOCKS = YES;
				GCC_WARN_64_TO_32_BIT_CONVERSION = YES;
				GCC_WARN_ABOUT_RETURN_TYPE = YES_ERROR;
				GCC_WARN_UNDECLARED_SELECTOR = YES;
				GCC_WARN_UNINITIALIZED_AUTOS = YES_AGGRESSIVE;
				GCC_WARN_UNUSED_FUNCTION = YES;
				GCC_WARN_UNUSED_VARIABLE = YES;
				MACOSX_DEPLOYMENT_TARGET = 11.3;
				MTL_ENABLE_DEBUG_INFO = NO;
				MTL_FAST_MATH = YES;
				SDKROOT = macosx;
			};
			name = Release;
		};
		43ED98582575B20900CB3098 /* Debug */ = {
			isa = XCBuildConfiguration;
			buildSettings = {
				ASSETCATALOG_COMPILER_APPICON_NAME = AppIcon;
				ASSETCATALOG_COMPILER_GLOBAL_ACCENT_COLOR_NAME = AccentColor;
				CODE_SIGN_ENTITLEMENTS = "ManBro/Supporting Files/ManBro.entitlements";
				CODE_SIGN_STYLE = Automatic;
				COMBINE_HIDPI_IMAGES = YES;
				DEVELOPMENT_TEAM = BA9979F6M6;
				ENABLE_HARDENED_RUNTIME = YES;
				INFOPLIST_FILE = "ManBro/Supporting Files/Info.plist";
				LD_RUNPATH_SEARCH_PATHS = (
					"$(inherited)",
					"@executable_path/../Frameworks",
				);
				PRODUCT_BUNDLE_IDENTIFIER = ru.byss.manbro;
				PRODUCT_NAME = "$(TARGET_NAME)";
			};
			name = Debug;
		};
		43ED98592575B20900CB3098 /* Release */ = {
			isa = XCBuildConfiguration;
			buildSettings = {
				ASSETCATALOG_COMPILER_APPICON_NAME = AppIcon;
				ASSETCATALOG_COMPILER_GLOBAL_ACCENT_COLOR_NAME = AccentColor;
				CODE_SIGN_ENTITLEMENTS = "ManBro/Supporting Files/ManBro.entitlements";
				CODE_SIGN_STYLE = Automatic;
				COMBINE_HIDPI_IMAGES = YES;
				DEVELOPMENT_TEAM = BA9979F6M6;
				ENABLE_HARDENED_RUNTIME = YES;
				INFOPLIST_FILE = "ManBro/Supporting Files/Info.plist";
				LD_RUNPATH_SEARCH_PATHS = (
					"$(inherited)",
					"@executable_path/../Frameworks",
				);
				PRODUCT_BUNDLE_IDENTIFIER = ru.byss.manbro;
				PRODUCT_NAME = "$(TARGET_NAME)";
			};
			name = Release;
		};
/* End XCBuildConfiguration section */

/* Begin XCConfigurationList section */
		43ED983E2575B20400CB3098 /* Build configuration list for PBXProject "ManBro" */ = {
			isa = XCConfigurationList;
			buildConfigurations = (
				43ED98552575B20900CB3098 /* Debug */,
				43ED98562575B20900CB3098 /* Release */,
			);
			defaultConfigurationIsVisible = 0;
			defaultConfigurationName = Release;
		};
		43ED98572575B20900CB3098 /* Build configuration list for PBXNativeTarget "ManBro" */ = {
			isa = XCConfigurationList;
			buildConfigurations = (
				43ED98582575B20900CB3098 /* Debug */,
				43ED98592575B20900CB3098 /* Release */,
			);
			defaultConfigurationIsVisible = 0;
			defaultConfigurationName = Release;
		};
/* End XCConfigurationList section */

/* Begin XCVersionGroup section */
		43ED98492575B20400CB3098 /* ManBro.xcdatamodeld */ = {
			isa = XCVersionGroup;
			children = (
				43ED984A2575B20400CB3098 /* ManBro.xcdatamodel */,
			);
			currentVersion = 43ED984A2575B20400CB3098 /* ManBro.xcdatamodel */;
			path = ManBro.xcdatamodeld;
			sourceTree = "<group>";
			versionGroupType = wrapper.xcdatamodel;
		};
/* End XCVersionGroup section */
	};
	rootObject = 43ED983B2575B20400CB3098 /* Project object */;
}
